
Microsoft Visual Studio Solution File, Format Version 12.00
# Visual Studio Version 17
VisualStudioVersion = 17.8.34408.163
MinimumVisualStudioVersion = 10.0.40219.1
Project("{FAE04EC0-301F-11D3-BF4B-00C04F79EFBC}") = "ChatApp", "ChatApp\ChatApp.csproj", "{11F2105E-6462-4AD9-B1D3-65AD016ABCAB}"
EndProject
Global
	GlobalSection(SolutionConfigurationPlatforms) = preSolution
		Debug|Any CPU = Debug|Any CPU
		Release|Any CPU = Release|Any CPU
	EndGlobalSection
	GlobalSection(ProjectConfigurationPlatforms) = postSolution
		{11F2105E-6462-4AD9-B1D3-65AD016ABCAB}.Debug|Any CPU.ActiveCfg = Debug|Any CPU
		{11F2105E-6462-4AD9-B1D3-65AD016ABCAB}.Debug|Any CPU.Build.0 = Debug|Any CPU
		{11F2105E-6462-4AD9-B1D3-65AD016ABCAB}.Release|Any CPU.ActiveCfg = Release|Any CPU
		{11F2105E-6462-4AD9-B1D3-65AD016ABCAB}.Release|Any CPU.Build.0 = Release|Any CPU
	EndGlobalSection
	GlobalSection(SolutionProperties) = preSolution
		HideSolutionNode = FALSE
	EndGlobalSection
	GlobalSection(ExtensibilityGlobals) = postSolution
		SolutionGuid = {4E3AE0DA-36FD-4BD1-894D-1467E68C787B}
	EndGlobalSection
EndGlobal
